
Microsoft Visual Studio Solution File, Format Version 12.00
# Visual Studio Version 17
VisualStudioVersion = 17.8.34330.188
MinimumVisualStudioVersion = 10.0.40219.1
Project("{FAE04EC0-301F-11D3-BF4B-00C04F79EFBC}") = "OtelUygulaması8", "OtelUygulaması8\OtelUygulaması8.csproj", "{25FD66D3-E4A0-4E15-A031-FC5B20B96060}"
EndProject
Project("{FAE04EC0-301F-11D3-BF4B-00C04F79EFBC}") = "EntityLayer", "EntityLayer\EntityLayer.csproj", "{1D738D2C-0AAD-4C4E-9860-30714CF02A1E}"
EndProject
Project("{FAE04EC0-301F-11D3-BF4B-00C04F79EFBC}") = "DataAccessLayer", "DataAccessLayer\DataAccessLayer.csproj", "{836AF333-32EF-4C09-BDFA-831693793991}"
EndProject
Project("{FAE04EC0-301F-11D3-BF4B-00C04F79EFBC}") = "BusinnessLayer", "BusinnessLayer\BusinnessLayer.csproj", "{EE055B18-4467-491B-9027-98E0A20517BD}"
EndProject
Global
	GlobalSection(SolutionConfigurationPlatforms) = preSolution
		Debug|Any CPU = Debug|Any CPU
		Release|Any CPU = Release|Any CPU
	EndGlobalSection
	GlobalSection(ProjectConfigurationPlatforms) = postSolution
		{25FD66D3-E4A0-4E15-A031-FC5B20B96060}.Debug|Any CPU.ActiveCfg = Debug|Any CPU
		{25FD66D3-E4A0-4E15-A031-FC5B20B96060}.Debug|Any CPU.Build.0 = Debug|Any CPU
		{25FD66D3-E4A0-4E15-A031-FC5B20B96060}.Release|Any CPU.ActiveCfg = Release|Any CPU
		{25FD66D3-E4A0-4E15-A031-FC5B20B96060}.Release|Any CPU.Build.0 = Release|Any CPU
		{1D738D2C-0AAD-4C4E-9860-30714CF02A1E}.Debug|Any CPU.ActiveCfg = Debug|Any CPU
		{1D738D2C-0AAD-4C4E-9860-30714CF02A1E}.Debug|Any CPU.Build.0 = Debug|Any CPU
		{1D738D2C-0AAD-4C4E-9860-30714CF02A1E}.Release|Any CPU.ActiveCfg = Release|Any CPU
		{1D738D2C-0AAD-4C4E-9860-30714CF02A1E}.Release|Any CPU.Build.0 = Release|Any CPU
		{836AF333-32EF-4C09-BDFA-831693793991}.Debug|Any CPU.ActiveCfg = Debug|Any CPU
		{836AF333-32EF-4C09-BDFA-831693793991}.Debug|Any CPU.Build.0 = Debug|Any CPU
		{836AF333-32EF-4C09-BDFA-831693793991}.Release|Any CPU.ActiveCfg = Release|Any CPU
		{836AF333-32EF-4C09-BDFA-831693793991}.Release|Any CPU.Build.0 = Release|Any CPU
		{EE055B18-4467-491B-9027-98E0A20517BD}.Debug|Any CPU.ActiveCfg = Debug|Any CPU
		{EE055B18-4467-491B-9027-98E0A20517BD}.Debug|Any CPU.Build.0 = Debug|Any CPU
		{EE055B18-4467-491B-9027-98E0A20517BD}.Release|Any CPU.ActiveCfg = Release|Any CPU
		{EE055B18-4467-491B-9027-98E0A20517BD}.Release|Any CPU.Build.0 = Release|Any CPU
	EndGlobalSection
	GlobalSection(SolutionProperties) = preSolution
		HideSolutionNode = FALSE
	EndGlobalSection
	GlobalSection(ExtensibilityGlobals) = postSolution
		SolutionGuid = {4C047CE8-D62B-4404-BEFD-6023738E08F0}
	EndGlobalSection
EndGlobal
